{
  "name": "xls_viewer",
  "lockfileVersion": 2,
  "requires": true,
  "packages": {
    "": {
      "dependencies": {
        "@grapecity/spread-sheets": "^17.0.5",
        "@grapecity/spread-sheets-charts": "^17.0.5",
        "@grapecity/spread-sheets-io": "^17.0.5",
        "@grapecity/spread-sheets-pivots": "^14.0.0",
        "@grapecity/spread-sheets-shapes": "^17.0.5"
      }
    },
    "node_modules/@grapecity/spread-sheets": {
      "version": "17.0.5",
      "resolved": "https://registry.npmjs.org/@grapecity/spread-sheets/-/spread-sheets-17.0.5.tgz",
      "integrity": "sha512-cP2nNZnQdwc+HreS/g4wJfCOmd662l/plIiCdLsOGjSM1Dnb+YLFSMWI0+tShCZIKI7ghQq2+Y1KVLFrMWRFwg=="
    },
    "node_modules/@grapecity/spread-sheets-charts": {
      "version": "17.0.5",
      "resolved": "https://registry.npmjs.org/@grapecity/spread-sheets-charts/-/spread-sheets-charts-17.0.5.tgz",
      "integrity": "sha512-nQL4LXyRmnFX2q1uZrqKc2avT+2R0JGmldMNwTO1chNcW48v5Simzjq8ym/HO8nIs467KwneIK9LZBEiRy6T4A==",
      "dependencies": {
        "@grapecity/spread-sheets": "17.0.5",
        "@grapecity/spread-sheets-shapes": "17.0.5"
      }
    },
    "node_modules/@grapecity/spread-sheets-io": {
      "version": "17.0.5",
      "resolved": "https://registry.npmjs.org/@grapecity/spread-sheets-io/-/spread-sheets-io-17.0.5.tgz",
      "integrity": "sha512-2PWiONZ5cFKJrGpYP/vhjw6A/nk1LH7MbrPYwL+CsLSPES6gBqZkC97iBETf85VhMCtpEY4yjBGCGOEDYR4lEw==",
      "dependencies": {
        "@grapecity/spread-sheets": "17.0.5"
      }
    },
    "node_modules/@grapecity/spread-sheets-pivots": {
      "version": "14.0.0",
      "resolved": "https://registry.npmjs.org/@grapecity/spread-sheets-pivots/-/spread-sheets-pivots-14.0.0.tgz",
      "integrity": "sha512-4uSxdh5DZtP7tMhhVXaOJJY/8TvjzUv9rlRrSYAiBOZ3c7T4nElauTdwl8vf1AA8K2jxk2czCBNQLK+qAfgyrA==",
      "dependencies": {
        "@grapecity/spread-sheets": "14.0.0"
      }
    },
    "node_modules/@grapecity/spread-sheets-pivots/node_modules/@grapecity/spread-sheets": {
      "version": "14.0.0",
      "resolved": "https://registry.npmjs.org/@grapecity/spread-sheets/-/spread-sheets-14.0.0.tgz",
      "integrity": "sha512-Om1aRHhw8bcSLG5Mxvq4aZhR1/sHR+ajN4PS6LrmhJYu/g7thl0/8ZEQBBcX9p0l/bqvJrcYH5u6eV14h+l9dw=="
    },
    "node_modules/@grapecity/spread-sheets-shapes": {
      "version": "17.0.5",
      "resolved": "https://registry.npmjs.org/@grapecity/spread-sheets-shapes/-/spread-sheets-shapes-17.0.5.tgz",
      "integrity": "sha512-eN8hieCMrVU/BsPabuED3GuxoFj6/LZZTJ/oza5stB7fw10ajRM6e1tSWGrAiiw26HAXxGDq66jBiPsRAfNs4A==",
      "dependencies": {
        "@grapecity/spread-sheets": "17.0.5"
      }
    }
  },
  "dependencies": {
    "@grapecity/spread-sheets": {
      "version": "17.0.5",
      "resolved": "https://registry.npmjs.org/@grapecity/spread-sheets/-/spread-sheets-17.0.5.tgz",
      "integrity": "sha512-cP2nNZnQdwc+HreS/g4wJfCOmd662l/plIiCdLsOGjSM1Dnb+YLFSMWI0+tShCZIKI7ghQq2+Y1KVLFrMWRFwg=="
    },
    "@grapecity/spread-sheets-charts": {
      "version": "17.0.5",
      "resolved": "https://registry.npmjs.org/@grapecity/spread-sheets-charts/-/spread-sheets-charts-17.0.5.tgz",
      "integrity": "sha512-nQL4LXyRmnFX2q1uZrqKc2avT+2R0JGmldMNwTO1chNcW48v5Simzjq8ym/HO8nIs467KwneIK9LZBEiRy6T4A==",
      "requires": {
        "@grapecity/spread-sheets": "17.0.5",
        "@grapecity/spread-sheets-shapes": "17.0.5"
      }
    },
    "@grapecity/spread-sheets-io": {
      "version": "17.0.5",
      "resolved": "https://registry.npmjs.org/@grapecity/spread-sheets-io/-/spread-sheets-io-17.0.5.tgz",
      "integrity": "sha512-2PWiONZ5cFKJrGpYP/vhjw6A/nk1LH7MbrPYwL+CsLSPES6gBqZkC97iBETf85VhMCtpEY4yjBGCGOEDYR4lEw==",
      "requires": {
        "@grapecity/spread-sheets": "17.0.5"
      }
    },
    "@grapecity/spread-sheets-pivots": {
      "version": "14.0.0",
      "resolved": "https://registry.npmjs.org/@grapecity/spread-sheets-pivots/-/spread-sheets-pivots-14.0.0.tgz",
      "integrity": "sha512-4uSxdh5DZtP7tMhhVXaOJJY/8TvjzUv9rlRrSYAiBOZ3c7T4nElauTdwl8vf1AA8K2jxk2czCBNQLK+qAfgyrA==",
      "requires": {
        "@grapecity/spread-sheets": "14.0.0"
      },
      "dependencies": {
        "@grapecity/spread-sheets": {
          "version": "14.0.0",
          "resolved": "https://registry.npmjs.org/@grapecity/spread-sheets/-/spread-sheets-14.0.0.tgz",
          "integrity": "sha512-Om1aRHhw8bcSLG5Mxvq4aZhR1/sHR+ajN4PS6LrmhJYu/g7thl0/8ZEQBBcX9p0l/bqvJrcYH5u6eV14h+l9dw=="
        }
      }
    },
    "@grapecity/spread-sheets-shapes": {
      "version": "17.0.5",
      "resolved": "https://registry.npmjs.org/@grapecity/spread-sheets-shapes/-/spread-sheets-shapes-17.0.5.tgz",
      "integrity": "sha512-eN8hieCMrVU/BsPabuED3GuxoFj6/LZZTJ/oza5stB7fw10ajRM6e1tSWGrAiiw26HAXxGDq66jBiPsRAfNs4A==",
      "requires": {
        "@grapecity/spread-sheets": "17.0.5"
      }
    }
  }
}
